// !$*UTF8*$!
{
	archiveVersion = 1;
	classes = {
	};
	objectVersion = 46;
	objects = {

/* Begin PBXBuildFile section */
		DDFD27261DF3AFC0008A2926 /* AppDelegate.swift in Sources */ = {isa = PBXBuildFile; fileRef = DDFD27251DF3AFC0008A2926 /* AppDelegate.swift */; };
		DDFD27281DF3AFC0008A2926 /* ViewController.swift in Sources */ = {isa = PBXBuildFile; fileRef = DDFD27271DF3AFC0008A2926 /* ViewController.swift */; };
		DDFD272B1DF3AFC0008A2926 /* Main.storyboard in Resources */ = {isa = PBXBuildFile; fileRef = DDFD27291DF3AFC0008A2926 /* Main.storyboard */; };
		DDFD272D1DF3AFC0008A2926 /* Assets.xcassets in Resources */ = {isa = PBXBuildFile; fileRef = DDFD272C1DF3AFC0008A2926 /* Assets.xcassets */; };
		DDFD27301DF3AFC0008A2926 /* LaunchScreen.storyboard in Resources */ = {isa = PBXBuildFile; fileRef = DDFD272E1DF3AFC0008A2926 /* LaunchScreen.storyboard */; };
		DDFD273B1DF3AFC0008A2926 /* newRepositoryTests.swift in Sources */ = {isa = PBXBuildFile; fileRef = DDFD273A1DF3AFC0008A2926 /* newRepositoryTests.swift */; };
		DDFD27461DF3AFC0008A2926 /* newRepositoryUITests.swift in Sources */ = {isa = PBXBuildFile; fileRef = DDFD27451DF3AFC0008A2926 /* newRepositoryUITests.swift */; };
/* End PBXBuildFile section */

/* Begin PBXContainerItemProxy section */
		DDFD27371DF3AFC0008A2926 /* PBXContainerItemProxy */ = {
			isa = PBXContainerItemProxy;
			containerPortal = DDFD271A1DF3AFC0008A2926 /* Project object */;
			proxyType = 1;
			remoteGlobalIDString = DDFD27211DF3AFC0008A2926;
			remoteInfo = newRepository;
		};
		DDFD27421DF3AFC0008A2926 /* PBXContainerItemProxy */ = {
			isa = PBXContainerItemProxy;
			containerPortal = DDFD271A1DF3AFC0008A2926 /* Project object */;
			proxyType = 1;
			remoteGlobalIDString = DDFD27211DF3AFC0008A2926;
			remoteInfo = newRepository;
		};
/* End PBXContainerItemProxy section */

/* Begin PBXFileReference section */
		DDFD27221DF3AFC0008A2926 /* newRepository.app */ = {isa = PBXFileReference; explicitFileType = wrapper.application; includeInIndex = 0; path = newRepository.app; sourceTree = BUILT_PRODUCTS_DIR; };
		DDFD27251DF3AFC0008A2926 /* AppDelegate.swift */ = {isa = PBXFileReference; lastKnownFileType = sourcecode.swift; path = AppDelegate.swift; sourceTree = "<group>"; };
		DDFD27271DF3AFC0008A2926 /* ViewController.swift */ = {isa = PBXFileReference; lastKnownFileType = sourcecode.swift; path = ViewController.swift; sourceTree = "<group>"; };
		DDFD272A1DF3AFC0008A2926 /* Base */ = {isa = PBXFileReference; lastKnownFileType = file.storyboard; name = Base; path = Base.lproj/Main.storyboard; sourceTree = "<group>"; };
		DDFD272C1DF3AFC0008A2926 /* Assets.xcassets */ = {isa = PBXFileReference; lastKnownFileType = folder.assetcatalog; path = Assets.xcassets; sourceTree = "<group>"; };
		DDFD272F1DF3AFC0008A2926 /* Base */ = {isa = PBXFileReference; lastKnownFileType = file.storyboard; name = Base; path = Base.lproj/LaunchScreen.storyboard; sourceTree = "<group>"; };
		DDFD27311DF3AFC0008A2926 /* Info.plist */ = {isa = PBXFileReference; lastKnownFileType = text.plist.xml; path = Info.plist; sourceTree = "<group>"; };
		DDFD27361DF3AFC0008A2926 /* newRepositoryTests.xctest */ = {isa = PBXFileReference; explicitFileType = wrapper.cfbundle; includeInIndex = 0; path = newRepositoryTests.xctest; sourceTree = BUILT_PRODUCTS_DIR; };
		DDFD273A1DF3AFC0008A2926 /* newRepositoryTests.swift */ = {isa = PBXFileReference; lastKnownFileType = sourcecode.swift; path = newRepositoryTests.swift; sourceTree = "<group>"; };
		DDFD273C1DF3AFC0008A2926 /* Info.plist */ = {isa = PBXFileReference; lastKnownFileType = text.plist.xml; path = Info.plist; sourceTree = "<group>"; };
		DDFD27411DF3AFC0008A2926 /* newRepositoryUITests.xctest */ = {isa = PBXFileReference; explicitFileType = wrapper.cfbundle; includeInIndex = 0; path = newRepositoryUITests.xctest; sourceTree = BUILT_PRODUCTS_DIR; };
		DDFD27451DF3AFC0008A2926 /* newRepositoryUITests.swift */ = {isa = PBXFileReference; lastKnownFileType = sourcecode.swift; path = newRepositoryUITests.swift; sourceTree = "<group>"; };
		DDFD27471DF3AFC0008A2926 /* Info.plist */ = {isa = PBXFileReference; lastKnownFileType = text.plist.xml; path = Info.plist; sourceTree = "<group>"; };
/* End PBXFileReference section */

/* Begin PBXFrameworksBuildPhase section */
		DDFD271F1DF3AFC0008A2926 /* Frameworks */ = {
			isa = PBXFrameworksBuildPhase;
			buildActionMask = 2147483647;
			files = (
			);
			runOnlyForDeploymentPostprocessing = 0;
		};
		DDFD27331DF3AFC0008A2926 /* Frameworks */ = {
			isa = PBXFrameworksBuildPhase;
			buildActionMask = 2147483647;
			files = (
			);
			runOnlyForDeploymentPostprocessing = 0;
		};
		DDFD273E1DF3AFC0008A2926 /* Frameworks */ = {
			isa = PBXFrameworksBuildPhase;
			buildActionMask = 2147483647;
			files = (
			);
			runOnlyForDeploymentPostprocessing = 0;
		};
/* End PBXFrameworksBuildPhase section */

/* Begin PBXGroup section */
		DDFD27191DF3AFC0008A2926 = {
			isa = PBXGroup;
			children = (
				DDFD27241DF3AFC0008A2926 /* newRepository */,
				DDFD27391DF3AFC0008A2926 /* newRepositoryTests */,
				DDFD27441DF3AFC0008A2926 /* newRepositoryUITests */,
				DDFD27231DF3AFC0008A2926 /* Products */,
			);
			sourceTree = "<group>";
		};
		DDFD27231DF3AFC0008A2926 /* Products */ = {
			isa = PBXGroup;
			children = (
				DDFD27221DF3AFC0008A2926 /* newRepository.app */,
				DDFD27361DF3AFC0008A2926 /* newRepositoryTests.xctest */,
				DDFD27411DF3AFC0008A2926 /* newRepositoryUITests.xctest */,
			);
			name = Products;
			sourceTree = "<group>";
		};
		DDFD27241DF3AFC0008A2926 /* newRepository */ = {
			isa = PBXGroup;
			children = (
				DDFD27251DF3AFC0008A2926 /* AppDelegate.swift */,
				DDFD27271DF3AFC0008A2926 /* ViewController.swift */,
				DDFD27291DF3AFC0008A2926 /* Main.storyboard */,
				DDFD272C1DF3AFC0008A2926 /* Assets.xcassets */,
				DDFD272E1DF3AFC0008A2926 /* LaunchScreen.storyboard */,
				DDFD27311DF3AFC0008A2926 /* Info.plist */,
			);
			path = newRepository;
			sourceTree = "<group>";
		};
		DDFD27391DF3AFC0008A2926 /* newRepositoryTests */ = {
			isa = PBXGroup;
			children = (
				DDFD273A1DF3AFC0008A2926 /* newRepositoryTests.swift */,
				DDFD273C1DF3AFC0008A2926 /* Info.plist */,
			);
			path = newRepositoryTests;
			sourceTree = "<group>";
		};
		DDFD27441DF3AFC0008A2926 /* newRepositoryUITests */ = {
			isa = PBXGroup;
			children = (
				DDFD27451DF3AFC0008A2926 /* newRepositoryUITests.swift */,
				DDFD27471DF3AFC0008A2926 /* Info.plist */,
			);
			path = newRepositoryUITests;
			sourceTree = "<group>";
		};
/* End PBXGroup section */

/* Begin PBXNativeTarget section */
		DDFD27211DF3AFC0008A2926 /* newRepository */ = {
			isa = PBXNativeTarget;
			buildConfigurationList = DDFD274A1DF3AFC0008A2926 /* Build configuration list for PBXNativeTarget "newRepository" */;
			buildPhases = (
				DDFD271E1DF3AFC0008A2926 /* Sources */,
				DDFD271F1DF3AFC0008A2926 /* Frameworks */,
				DDFD27201DF3AFC0008A2926 /* Resources */,
			);
			buildRules = (
			);
			dependencies = (
			);
			name = newRepository;
			productName = newRepository;
			productReference = DDFD27221DF3AFC0008A2926 /* newRepository.app */;
			productType = "com.apple.product-type.application";
		};
		DDFD27351DF3AFC0008A2926 /* newRepositoryTests */ = {
			isa = PBXNativeTarget;
			buildConfigurationList = DDFD274D1DF3AFC0008A2926 /* Build configuration list for PBXNativeTarget "newRepositoryTests" */;
			buildPhases = (
				DDFD27321DF3AFC0008A2926 /* Sources */,
				DDFD27331DF3AFC0008A2926 /* Frameworks */,
				DDFD27341DF3AFC0008A2926 /* Resources */,
			);
			buildRules = (
			);
			dependencies = (
				DDFD27381DF3AFC0008A2926 /* PBXTargetDependency */,
			);
			name = newRepositoryTests;
			productName = newRepositoryTests;
			productReference = DDFD27361DF3AFC0008A2926 /* newRepositoryTests.xctest */;
			productType = "com.apple.product-type.bundle.unit-test";
		};
		DDFD27401DF3AFC0008A2926 /* newRepositoryUITests */ = {
			isa = PBXNativeTarget;
			buildConfigurationList = DDFD27501DF3AFC0008A2926 /* Build configuration list for PBXNativeTarget "newRepositoryUITests" */;
			buildPhases = (
				DDFD273D1DF3AFC0008A2926 /* Sources */,
				DDFD273E1DF3AFC0008A2926 /* Frameworks */,
				DDFD273F1DF3AFC0008A2926 /* Resources */,
			);
			buildRules = (
			);
			dependencies = (
				DDFD27431DF3AFC0008A2926 /* PBXTargetDependency */,
			);
			name = newRepositoryUITests;
			productName = newRepositoryUITests;
			productReference = DDFD27411DF3AFC0008A2926 /* newRepositoryUITests.xctest */;
			productType = "com.apple.product-type.bundle.ui-testing";
		};
/* End PBXNativeTarget section */

/* Begin PBXProject section */
		DDFD271A1DF3AFC0008A2926 /* Project object */ = {
			isa = PBXProject;
			attributes = {
				LastSwiftUpdateCheck = 0810;
				LastUpgradeCheck = 0810;
				ORGANIZATIONNAME = "Yafet Tamene";
				TargetAttributes = {
					DDFD27211DF3AFC0008A2926 = {
						CreatedOnToolsVersion = 8.1;
						ProvisioningStyle = Automatic;
					};
					DDFD27351DF3AFC0008A2926 = {
						CreatedOnToolsVersion = 8.1;
						ProvisioningStyle = Automatic;
						TestTargetID = DDFD27211DF3AFC0008A2926;
					};
					DDFD27401DF3AFC0008A2926 = {
						CreatedOnToolsVersion = 8.1;
						ProvisioningStyle = Automatic;
						TestTargetID = DDFD27211DF3AFC0008A2926;
					};
				};
			};
			buildConfigurationList = DDFD271D1DF3AFC0008A2926 /* Build configuration list for PBXProject "newRepository" */;
			compatibilityVersion = "Xcode 3.2";
			developmentRegion = English;
			hasScannedForEncodings = 0;
			knownRegions = (
				en,
				Base,
			);
			mainGroup = DDFD27191DF3AFC0008A2926;
			productRefGroup = DDFD27231DF3AFC0008A2926 /* Products */;
			projectDirPath = "";
			projectRoot = "";
			targets = (
				DDFD27211DF3AFC0008A2926 /* newRepository */,
				DDFD27351DF3AFC0008A2926 /* newRepositoryTests */,
				DDFD27401DF3AFC0008A2926 /* newRepositoryUITests */,
			);
		};
/* End PBXProject section */

/* Begin PBXResourcesBuildPhase section */
		DDFD27201DF3AFC0008A2926 /* Resources */ = {
			isa = PBXResourcesBuildPhase;
			buildActionMask = 2147483647;
			files = (
				DDFD27301DF3AFC0008A2926 /* LaunchScreen.storyboard in Resources */,
				DDFD272D1DF3AFC0008A2926 /* Assets.xcassets in Resources */,
				DDFD272B1DF3AFC0008A2926 /* Main.storyboard in Resources */,
			);
			runOnlyForDeploymentPostprocessing = 0;
		};
		DDFD27341DF3AFC0008A2926 /* Resources */ = {
			isa = PBXResourcesBuildPhase;
			buildActionMask = 2147483647;
			files = (
			);
			runOnlyForDeploymentPostprocessing = 0;
		};
		DDFD273F1DF3AFC0008A2926 /* Resources */ = {
			isa = PBXResourcesBuildPhase;
			buildActionMask = 2147483647;
			files = (
			);
			runOnlyForDeploymentPostprocessing = 0;
		};
/* End PBXResourcesBuildPhase section */

/* Begin PBXSourcesBuildPhase section */
		DDFD271E1DF3AFC0008A2926 /* Sources */ = {
			isa = PBXSourcesBuildPhase;
			buildActionMask = 2147483647;
			files = (
				DDFD27281DF3AFC0008A2926 /* ViewController.swift in Sources */,
				DDFD27261DF3AFC0008A2926 /* AppDelegate.swift in Sources */,
			);
			runOnlyForDeploymentPostprocessing = 0;
		};
		DDFD27321DF3AFC0008A2926 /* Sources */ = {
			isa = PBXSourcesBuildPhase;
			buildActionMask = 2147483647;
			files = (
				DDFD273B1DF3AFC0008A2926 /* newRepositoryTests.swift in Sources */,
			);
			runOnlyForDeploymentPostprocessing = 0;
		};
		DDFD273D1DF3AFC0008A2926 /* Sources */ = {
			isa = PBXSourcesBuildPhase;
			buildActionMask = 2147483647;
			files = (
				DDFD27461DF3AFC0008A2926 /* newRepositoryUITests.swift in Sources */,
			);
			runOnlyForDeploymentPostprocessing = 0;
		};
/* End PBXSourcesBuildPhase section */

/* Begin PBXTargetDependency section */
		DDFD27381DF3AFC0008A2926 /* PBXTargetDependency */ = {
			isa = PBXTargetDependency;
			target = DDFD27211DF3AFC0008A2926 /* newRepository */;
			targetProxy = DDFD27371DF3AFC0008A2926 /* PBXContainerItemProxy */;
		};
		DDFD27431DF3AFC0008A2926 /* PBXTargetDependency */ = {
			isa = PBXTargetDependency;
			target = DDFD27211DF3AFC0008A2926 /* newRepository */;
			targetProxy = DDFD27421DF3AFC0008A2926 /* PBXContainerItemProxy */;
		};
/* End PBXTargetDependency section */

/* Begin PBXVariantGroup section */
		DDFD27291DF3AFC0008A2926 /* Main.storyboard */ = {
			isa = PBXVariantGroup;
			children = (
				DDFD272A1DF3AFC0008A2926 /* Base */,
			);
			name = Main.storyboard;
			sourceTree = "<group>";
		};
		DDFD272E1DF3AFC0008A2926 /* LaunchScreen.storyboard */ = {
			isa = PBXVariantGroup;
			children = (
				DDFD272F1DF3AFC0008A2926 /* Base */,
			);
			name = LaunchScreen.storyboard;
			sourceTree = "<group>";
		};
/* End PBXVariantGroup section */

/* Begin XCBuildConfiguration section */
		DDFD27481DF3AFC0008A2926 /* Debug */ = {
			isa = XCBuildConfiguration;
			buildSettings = {
				ALWAYS_SEARCH_USER_PATHS = NO;
				CLANG_ANALYZER_NONNULL = YES;
				CLANG_CXX_LANGUAGE_STANDARD = "gnu++0x";
				CLANG_CXX_LIBRARY = "libc++";
				CLANG_ENABLE_MODULES = YES;
				CLANG_ENABLE_OBJC_ARC = YES;
				CLANG_WARN_BOOL_CONVERSION = YES;
				CLANG_WARN_CONSTANT_CONVERSION = YES;
				CLANG_WARN_DIRECT_OBJC_ISA_USAGE = YES_ERROR;
				CLANG_WARN_DOCUMENTATION_COMMENTS = YES;
				CLANG_WARN_EMPTY_BODY = YES;
				CLANG_WARN_ENUM_CONVERSION = YES;
				CLANG_WARN_INFINITE_RECURSION = YES;
				CLANG_WARN_INT_CONVERSION = YES;
				CLANG_WARN_OBJC_ROOT_CLASS = YES_ERROR;
				CLANG_WARN_SUSPICIOUS_MOVES = YES;
				CLANG_WARN_UNREACHABLE_CODE = YES;
				CLANG_WARN__DUPLICATE_METHOD_MATCH = YES;
				"CODE_SIGN_IDENTITY[sdk=iphoneos*]" = "iPhone Developer";
				COPY_PHASE_STRIP = NO;
				DEBUG_INFORMATION_FORMAT = dwarf;
				ENABLE_STRICT_OBJC_MSGSEND = YES;
				ENABLE_TESTABILITY = YES;
				GCC_C_LANGUAGE_STANDARD = gnu99;
				GCC_DYNAMIC_NO_PIC = NO;
				GCC_NO_COMMON_BLOCKS = YES;
				GCC_OPTIMIZATION_LEVEL = 0;
				GCC_PREPROCESSOR_DEFINITIONS = (
					"DEBUG=1",
					"$(inherited)",
				);
				GCC_WARN_64_TO_32_BIT_CONVERSION = YES;
				GCC_WARN_ABOUT_RETURN_TYPE = YES_ERROR;
				GCC_WARN_UNDECLARED_SELECTOR = YES;
				GCC_WARN_UNINITIALIZED_AUTOS = YES_AGGRESSIVE;
				GCC_WARN_UNUSED_FUNCTION = YES;
				GCC_WARN_UNUSED_VARIABLE = YES;
				IPHONEOS_DEPLOYMENT_TARGET = 10.1;
				MTL_ENABLE_DEBUG_INFO = YES;
				ONLY_ACTIVE_ARCH = YES;
				SDKROOT = iphoneos;
				SWIFT_ACTIVE_COMPILATION_CONDITIONS = DEBUG;
				SWIFT_OPTIMIZATION_LEVEL = "-Onone";
				TARGETED_DEVICE_FAMILY = "1,2";
			};
			name = Debug;
		};
		DDFD27491DF3AFC0008A2926 /* Release */ = {
			isa = XCBuildConfiguration;
			buildSettings = {
				ALWAYS_SEARCH_USER_PATHS = NO;
				CLANG_ANALYZER_NONNULL = YES;
				CLANG_CXX_LANGUAGE_STANDARD = "gnu++0x";
				CLANG_CXX_LIBRARY = "libc++";
				CLANG_ENABLE_MODULES = YES;
				CLANG_ENABLE_OBJC_ARC = YES;
				CLANG_WARN_BOOL_CONVERSION = YES;
				CLANG_WARN_CONSTANT_CONVERSION = YES;
				CLANG_WARN_DIRECT_OBJC_ISA_USAGE = YES_ERROR;
				CLANG_WARN_DOCUMENTATION_COMMENTS = YES;
				CLANG_WARN_EMPTY_BODY = YES;
				CLANG_WARN_ENUM_CONVERSION = YES;
				CLANG_WARN_INFINITE_RECURSION = YES;
				CLANG_WARN_INT_CONVERSION = YES;
				CLANG_WARN_OBJC_ROOT_CLASS = YES_ERROR;
				CLANG_WARN_SUSPICIOUS_MOVES = YES;
				CLANG_WARN_UNREACHABLE_CODE = YES;
				CLANG_WARN__DUPLICATE_METHOD_MATCH = YES;
				"CODE_SIGN_IDENTITY[sdk=iphoneos*]" = "iPhone Developer";
				COPY_PHASE_STRIP = NO;
				DEBUG_INFORMATION_FORMAT = "dwarf-with-dsym";
				ENABLE_NS_ASSERTIONS = NO;
				ENABLE_STRICT_OBJC_MSGSEND = YES;
				GCC_C_LANGUAGE_STANDARD = gnu99;
				GCC_NO_COMMON_BLOCKS = YES;
				GCC_WARN_64_TO_32_BIT_CONVERSION = YES;
				GCC_WARN_ABOUT_RETURN_TYPE = YES_ERROR;
				GCC_WARN_UNDECLARED_SELECTOR = YES;
				GCC_WARN_UNINITIALIZED_AUTOS = YES_AGGRESSIVE;
				GCC_WARN_UNUSED_FUNCTION = YES;
				GCC_WARN_UNUSED_VARIABLE = YES;
				IPHONEOS_DEPLOYMENT_TARGET = 10.1;
				MTL_ENABLE_DEBUG_INFO = NO;
				SDKROOT = iphoneos;
				SWIFT_OPTIMIZATION_LEVEL = "-Owholemodule";
				TARGETED_DEVICE_FAMILY = "1,2";
				VALIDATE_PRODUCT = YES;
			};
			name = Release;
		};
		DDFD274B1DF3AFC0008A2926 /* Debug */ = {
			isa = XCBuildConfiguration;
			buildSettings = {
				ASSETCATALOG_COMPILER_APPICON_NAME = AppIcon;
				INFOPLIST_FILE = newRepository/Info.plist;
				LD_RUNPATH_SEARCH_PATHS = "$(inherited) @executable_path/Frameworks";
				PRODUCT_BUNDLE_IDENTIFIER = com.HelloWorld.newRepository;
				PRODUCT_NAME = "$(TARGET_NAME)";
				SWIFT_VERSION = 3.0;
			};
			name = Debug;
		};
		DDFD274C1DF3AFC0008A2926 /* Release */ = {
			isa = XCBuildConfiguration;
			buildSettings = {
				ASSETCATALOG_COMPILER_APPICON_NAME = AppIcon;
				INFOPLIST_FILE = newRepository/Info.plist;
				LD_RUNPATH_SEARCH_PATHS = "$(inherited) @executable_path/Frameworks";
				PRODUCT_BUNDLE_IDENTIFIER = com.HelloWorld.newRepository;
				PRODUCT_NAME = "$(TARGET_NAME)";
				SWIFT_VERSION = 3.0;
			};
			name = Release;
		};
		DDFD274E1DF3AFC0008A2926 /* Debug */ = {
			isa = XCBuildConfiguration;
			buildSettings = {
				ALWAYS_EMBED_SWIFT_STANDARD_LIBRARIES = YES;
				BUNDLE_LOADER = "$(TEST_HOST)";
				INFOPLIST_FILE = newRepositoryTests/Info.plist;
				LD_RUNPATH_SEARCH_PATHS = "$(inherited) @executable_path/Frameworks @loader_path/Frameworks";
				PRODUCT_BUNDLE_IDENTIFIER = com.HelloWorld.newRepositoryTests;
				PRODUCT_NAME = "$(TARGET_NAME)";
				SWIFT_VERSION = 3.0;
				TEST_HOST = "$(BUILT_PRODUCTS_DIR)/newRepository.app/newRepository";
			};
			name = Debug;
		};
		DDFD274F1DF3AFC0008A2926 /* Release */ = {
			isa = XCBuildConfiguration;
			buildSettings = {
				ALWAYS_EMBED_SWIFT_STANDARD_LIBRARIES = YES;
				BUNDLE_LOADER = "$(TEST_HOST)";
				INFOPLIST_FILE = newRepositoryTests/Info.plist;
				LD_RUNPATH_SEARCH_PATHS = "$(inherited) @executable_path/Frameworks @loader_path/Frameworks";
				PRODUCT_BUNDLE_IDENTIFIER = com.HelloWorld.newRepositoryTests;
				PRODUCT_NAME = "$(TARGET_NAME)";
				SWIFT_VERSION = 3.0;
				TEST_HOST = "$(BUILT_PRODUCTS_DIR)/newRepository.app/newRepository";
			};
			name = Release;
		};
		DDFD27511DF3AFC0008A2926 /* Debug */ = {
			isa = XCBuildConfiguration;
			buildSettings = {
				ALWAYS_EMBED_SWIFT_STANDARD_LIBRARIES = YES;
				INFOPLIST_FILE = newRepositoryUITests/Info.plist;
				LD_RUNPATH_SEARCH_PATHS = "$(inherited) @executable_path/Frameworks @loader_path/Frameworks";
				PRODUCT_BUNDLE_IDENTIFIER = com.HelloWorld.newRepositoryUITests;
				PRODUCT_NAME = "$(TARGET_NAME)";
				SWIFT_VERSION = 3.0;
				TEST_TARGET_NAME = newRepository;
			};
			name = Debug;
		};
		DDFD27521DF3AFC0008A2926 /* Release */ = {
			isa = XCBuildConfiguration;
			buildSettings = {
				ALWAYS_EMBED_SWIFT_STANDARD_LIBRARIES = YES;
				INFOPLIST_FILE = newRepositoryUITests/Info.plist;
				LD_RUNPATH_SEARCH_PATHS = "$(inherited) @executable_path/Frameworks @loader_path/Frameworks";
				PRODUCT_BUNDLE_IDENTIFIER = com.HelloWorld.newRepositoryUITests;
				PRODUCT_NAME = "$(TARGET_NAME)";
				SWIFT_VERSION = 3.0;
				TEST_TARGET_NAME = newRepository;
			};
			name = Release;
		};
/* End XCBuildConfiguration section */

/* Begin XCConfigurationList section */
		DDFD271D1DF3AFC0008A2926 /* Build configuration list for PBXProject "newRepository" */ = {
			isa = XCConfigurationList;
			buildConfigurations = (
				DDFD27481DF3AFC0008A2926 /* Debug */,
				DDFD27491DF3AFC0008A2926 /* Release */,
			);
			defaultConfigurationIsVisible = 0;
			defaultConfigurationName = Release;
		};
		DDFD274A1DF3AFC0008A2926 /* Build configuration list for PBXNativeTarget "newRepository" */ = {
			isa = XCConfigurationList;
			buildConfigurations = (
				DDFD274B1DF3AFC0008A2926 /* Debug */,
				DDFD274C1DF3AFC0008A2926 /* Release */,
			);
			defaultConfigurationIsVisible = 0;
		};
		DDFD274D1DF3AFC0008A2926 /* Build configuration list for PBXNativeTarget "newRepositoryTests" */ = {
			isa = XCConfigurationList;
			buildConfigurations = (
				DDFD274E1DF3AFC0008A2926 /* Debug */,
				DDFD274F1DF3AFC0008A2926 /* Release */,
			);
			defaultConfigurationIsVisible = 0;
		};
		DDFD27501DF3AFC0008A2926 /* Build configuration list for PBXNativeTarget "newRepositoryUITests" */ = {
			isa = XCConfigurationList;
			buildConfigurations = (
				DDFD27511DF3AFC0008A2926 /* Debug */,
				DDFD27521DF3AFC0008A2926 /* Release */,
			);
			defaultConfigurationIsVisible = 0;
		};
/* End XCConfigurationList section */
	};
	rootObject = DDFD271A1DF3AFC0008A2926 /* Project object */;
}
